
Microsoft Visual Studio Solution File, Format Version 12.00
# Visual Studio Version 17
VisualStudioVersion = 17.9.34723.18
MinimumVisualStudioVersion = 10.0.40219.1
Project("{FAE04EC0-301F-11D3-BF4B-00C04F79EFBC}") = "server", "server.csproj", "{74CBE0F3-0D6F-423F-8C32-E5B23BE94E01}"
EndProject
Project("{54A90642-561A-4BB1-A94E-469ADEE60C69}") = "Front", "..\Front\Front.esproj", "{B911C8AE-423F-4363-BEEA-56281A39E1D1}"
EndProject
Global
	GlobalSection(SolutionConfigurationPlatforms) = preSolution
		Debug|Any CPU = Debug|Any CPU
		Release|Any CPU = Release|Any CPU
	EndGlobalSection
	GlobalSection(ProjectConfigurationPlatforms) = postSolution
		{74CBE0F3-0D6F-423F-8C32-E5B23BE94E01}.Debug|Any CPU.ActiveCfg = Debug|Any CPU
		{74CBE0F3-0D6F-423F-8C32-E5B23BE94E01}.Debug|Any CPU.Build.0 = Debug|Any CPU
		{74CBE0F3-0D6F-423F-8C32-E5B23BE94E01}.Release|Any CPU.ActiveCfg = Release|Any CPU
		{74CBE0F3-0D6F-423F-8C32-E5B23BE94E01}.Release|Any CPU.Build.0 = Release|Any CPU
		{B911C8AE-423F-4363-BEEA-56281A39E1D1}.Debug|Any CPU.ActiveCfg = Debug|Any CPU
		{B911C8AE-423F-4363-BEEA-56281A39E1D1}.Debug|Any CPU.Build.0 = Debug|Any CPU
		{B911C8AE-423F-4363-BEEA-56281A39E1D1}.Debug|Any CPU.Deploy.0 = Debug|Any CPU
		{B911C8AE-423F-4363-BEEA-56281A39E1D1}.Release|Any CPU.ActiveCfg = Release|Any CPU
		{B911C8AE-423F-4363-BEEA-56281A39E1D1}.Release|Any CPU.Build.0 = Release|Any CPU
		{B911C8AE-423F-4363-BEEA-56281A39E1D1}.Release|Any CPU.Deploy.0 = Release|Any CPU
	EndGlobalSection
	GlobalSection(SolutionProperties) = preSolution
		HideSolutionNode = FALSE
	EndGlobalSection
	GlobalSection(ExtensibilityGlobals) = postSolution
		SolutionGuid = {C9D576BA-B602-4358-898C-BDBB11A5B6EA}
	EndGlobalSection
EndGlobal
